
Microsoft Visual Studio Solution File, Format Version 12.00
# Visual Studio 15
VisualStudioVersion = 15.0.26730.3
MinimumVisualStudioVersion = 10.0.40219.1
Project("{9A19103F-16F7-4668-BE54-9A1E7A4F7556}") = "Frontend", "Frontend\Frontend.csproj", "{2B18B095-EBFC-4610-B75E-9E2A9DF13011}"
EndProject
Project("{9A19103F-16F7-4668-BE54-9A1E7A4F7556}") = "Orders", "Backend\Orders.csproj", "{CC88D0DA-33A7-4DDA-BC2F-F0EF5C239F3A}"
EndProject
Project("{9A19103F-16F7-4668-BE54-9A1E7A4F7556}") = "Messages", "Messages\Messages.csproj", "{9C31F0B3-8842-4E26-B86C-508CE27F89D4}"
EndProject
Project("{9A19103F-16F7-4668-BE54-9A1E7A4F7556}") = "Billing", "Downstream\Billing.csproj", "{5FE7D50B-D43F-4EAE-9175-D7F73A13D5AF}"
EndProject
Global
	GlobalSection(SolutionConfigurationPlatforms) = preSolution
		Debug|Any CPU = Debug|Any CPU
		Release|Any CPU = Release|Any CPU
	EndGlobalSection
	GlobalSection(ProjectConfigurationPlatforms) = postSolution
		{2B18B095-EBFC-4610-B75E-9E2A9DF13011}.Debug|Any CPU.ActiveCfg = Debug|Any CPU
		{2B18B095-EBFC-4610-B75E-9E2A9DF13011}.Debug|Any CPU.Build.0 = Debug|Any CPU
		{2B18B095-EBFC-4610-B75E-9E2A9DF13011}.Release|Any CPU.ActiveCfg = Release|Any CPU
		{2B18B095-EBFC-4610-B75E-9E2A9DF13011}.Release|Any CPU.Build.0 = Release|Any CPU
		{CC88D0DA-33A7-4DDA-BC2F-F0EF5C239F3A}.Debug|Any CPU.ActiveCfg = Debug|Any CPU
		{CC88D0DA-33A7-4DDA-BC2F-F0EF5C239F3A}.Debug|Any CPU.Build.0 = Debug|Any CPU
		{CC88D0DA-33A7-4DDA-BC2F-F0EF5C239F3A}.Release|Any CPU.ActiveCfg = Release|Any CPU
		{CC88D0DA-33A7-4DDA-BC2F-F0EF5C239F3A}.Release|Any CPU.Build.0 = Release|Any CPU
		{9C31F0B3-8842-4E26-B86C-508CE27F89D4}.Debug|Any CPU.ActiveCfg = Debug|Any CPU
		{9C31F0B3-8842-4E26-B86C-508CE27F89D4}.Debug|Any CPU.Build.0 = Debug|Any CPU
		{9C31F0B3-8842-4E26-B86C-508CE27F89D4}.Release|Any CPU.ActiveCfg = Release|Any CPU
		{9C31F0B3-8842-4E26-B86C-508CE27F89D4}.Release|Any CPU.Build.0 = Release|Any CPU
		{5FE7D50B-D43F-4EAE-9175-D7F73A13D5AF}.Debug|Any CPU.ActiveCfg = Debug|Any CPU
		{5FE7D50B-D43F-4EAE-9175-D7F73A13D5AF}.Debug|Any CPU.Build.0 = Debug|Any CPU
		{5FE7D50B-D43F-4EAE-9175-D7F73A13D5AF}.Release|Any CPU.ActiveCfg = Release|Any CPU
		{5FE7D50B-D43F-4EAE-9175-D7F73A13D5AF}.Release|Any CPU.Build.0 = Release|Any CPU
	EndGlobalSection
	GlobalSection(SolutionProperties) = preSolution
		HideSolutionNode = FALSE
	EndGlobalSection
	GlobalSection(ExtensibilityGlobals) = postSolution
		SolutionGuid = {3A6222F3-430C-42DC-8136-F36DB1D76C58}
	EndGlobalSection
EndGlobal
