
Microsoft Visual Studio Solution File, Format Version 12.00
# Visual Studio Version 16
VisualStudioVersion = 16.0.29326.143
MinimumVisualStudioVersion = 10.0.40219.1
Project("{9A19103F-16F7-4668-BE54-9A1E7A4F7556}") = "ExactlyOnce.AzureFunctions.Sample", "ExactlyOnce.AzureFunctions.Sample\ExactlyOnce.AzureFunctions.Sample.csproj", "{67C1D3B9-2FA6-41C9-BDED-7A309239A05B}"
EndProject
Project("{9A19103F-16F7-4668-BE54-9A1E7A4F7556}") = "ExactlyOnce.AzureFunctions", "ExactlyOnce.AzureFunctions\ExactlyOnce.AzureFunctions.csproj", "{2279A9E7-540D-4BF3-A1F6-87B6C1D51443}"
EndProject
Global
	GlobalSection(SolutionConfigurationPlatforms) = preSolution
		Debug|Any CPU = Debug|Any CPU
		Release|Any CPU = Release|Any CPU
	EndGlobalSection
	GlobalSection(ProjectConfigurationPlatforms) = postSolution
		{67C1D3B9-2FA6-41C9-BDED-7A309239A05B}.Debug|Any CPU.ActiveCfg = Debug|Any CPU
		{67C1D3B9-2FA6-41C9-BDED-7A309239A05B}.Debug|Any CPU.Build.0 = Debug|Any CPU
		{67C1D3B9-2FA6-41C9-BDED-7A309239A05B}.Release|Any CPU.ActiveCfg = Release|Any CPU
		{67C1D3B9-2FA6-41C9-BDED-7A309239A05B}.Release|Any CPU.Build.0 = Release|Any CPU
		{2279A9E7-540D-4BF3-A1F6-87B6C1D51443}.Debug|Any CPU.ActiveCfg = Debug|Any CPU
		{2279A9E7-540D-4BF3-A1F6-87B6C1D51443}.Debug|Any CPU.Build.0 = Debug|Any CPU
		{2279A9E7-540D-4BF3-A1F6-87B6C1D51443}.Release|Any CPU.ActiveCfg = Release|Any CPU
		{2279A9E7-540D-4BF3-A1F6-87B6C1D51443}.Release|Any CPU.Build.0 = Release|Any CPU
	EndGlobalSection
	GlobalSection(SolutionProperties) = preSolution
		HideSolutionNode = FALSE
	EndGlobalSection
	GlobalSection(ExtensibilityGlobals) = postSolution
		SolutionGuid = {79FEC630-83EC-417F-ABD7-2CB8FB2F8654}
	EndGlobalSection
EndGlobal
