
Microsoft Visual Studio Solution File, Format Version 12.00
# Visual Studio Version 16
VisualStudioVersion = 16.0.30717.126
MinimumVisualStudioVersion = 10.0.40219.1
Project("{9A19103F-16F7-4668-BE54-9A1E7A4F7556}") = "Frontend", "Frontend\Frontend.csproj", "{2B18B095-EBFC-4610-B75E-9E2A9DF13011}"
EndProject
Project("{9A19103F-16F7-4668-BE54-9A1E7A4F7556}") = "Messages", "Messages\Messages.csproj", "{9C31F0B3-8842-4E26-B86C-508CE27F89D4}"
EndProject
Project("{9A19103F-16F7-4668-BE54-9A1E7A4F7556}") = "Orders", "Orders\Orders.csproj", "{89B0AB70-F55D-436A-8843-78F021B34385}"
EndProject
Project("{9A19103F-16F7-4668-BE54-9A1E7A4F7556}") = "Billing", "Billing\Billing.csproj", "{539EB408-4A31-41A5-96CD-C3BC22E3E71F}"
EndProject
Global
	GlobalSection(SolutionConfigurationPlatforms) = preSolution
		Debug|Any CPU = Debug|Any CPU
		Release|Any CPU = Release|Any CPU
	EndGlobalSection
	GlobalSection(ProjectConfigurationPlatforms) = postSolution
		{2B18B095-EBFC-4610-B75E-9E2A9DF13011}.Debug|Any CPU.ActiveCfg = Debug|Any CPU
		{2B18B095-EBFC-4610-B75E-9E2A9DF13011}.Debug|Any CPU.Build.0 = Debug|Any CPU
		{2B18B095-EBFC-4610-B75E-9E2A9DF13011}.Release|Any CPU.ActiveCfg = Release|Any CPU
		{2B18B095-EBFC-4610-B75E-9E2A9DF13011}.Release|Any CPU.Build.0 = Release|Any CPU
		{9C31F0B3-8842-4E26-B86C-508CE27F89D4}.Debug|Any CPU.ActiveCfg = Debug|Any CPU
		{9C31F0B3-8842-4E26-B86C-508CE27F89D4}.Debug|Any CPU.Build.0 = Debug|Any CPU
		{9C31F0B3-8842-4E26-B86C-508CE27F89D4}.Release|Any CPU.ActiveCfg = Release|Any CPU
		{9C31F0B3-8842-4E26-B86C-508CE27F89D4}.Release|Any CPU.Build.0 = Release|Any CPU
		{89B0AB70-F55D-436A-8843-78F021B34385}.Debug|Any CPU.ActiveCfg = Debug|Any CPU
		{89B0AB70-F55D-436A-8843-78F021B34385}.Debug|Any CPU.Build.0 = Debug|Any CPU
		{89B0AB70-F55D-436A-8843-78F021B34385}.Release|Any CPU.ActiveCfg = Release|Any CPU
		{89B0AB70-F55D-436A-8843-78F021B34385}.Release|Any CPU.Build.0 = Release|Any CPU
		{539EB408-4A31-41A5-96CD-C3BC22E3E71F}.Debug|Any CPU.ActiveCfg = Debug|Any CPU
		{539EB408-4A31-41A5-96CD-C3BC22E3E71F}.Debug|Any CPU.Build.0 = Debug|Any CPU
		{539EB408-4A31-41A5-96CD-C3BC22E3E71F}.Release|Any CPU.ActiveCfg = Release|Any CPU
		{539EB408-4A31-41A5-96CD-C3BC22E3E71F}.Release|Any CPU.Build.0 = Release|Any CPU
	EndGlobalSection
	GlobalSection(SolutionProperties) = preSolution
		HideSolutionNode = FALSE
	EndGlobalSection
	GlobalSection(ExtensibilityGlobals) = postSolution
		SolutionGuid = {3A6222F3-430C-42DC-8136-F36DB1D76C58}
	EndGlobalSection
EndGlobal
