
Microsoft Visual Studio Solution File, Format Version 12.00
# Visual Studio Version 16
VisualStudioVersion = 16.0.30717.126
MinimumVisualStudioVersion = 10.0.40219.1
Project("{9A19103F-16F7-4668-BE54-9A1E7A4F7556}") = "Frontend", "Frontend\Frontend.csproj", "{2B18B095-EBFC-4610-B75E-9E2A9DF13011}"
EndProject
Project("{9A19103F-16F7-4668-BE54-9A1E7A4F7556}") = "Messages", "Messages\Messages.csproj", "{9C31F0B3-8842-4E26-B86C-508CE27F89D4}"
EndProject
Project("{9A19103F-16F7-4668-BE54-9A1E7A4F7556}") = "Billing", "Billing\Billing.csproj", "{B21D89C2-6E68-454E-9B28-FF1399812B14}"
EndProject
Project("{9A19103F-16F7-4668-BE54-9A1E7A4F7556}") = "Orders", "Orders\Orders.csproj", "{F2245441-AE47-4C0D-B59F-DC7745EE8F87}"
EndProject
Global
	GlobalSection(SolutionConfigurationPlatforms) = preSolution
		Debug|Any CPU = Debug|Any CPU
		Release|Any CPU = Release|Any CPU
	EndGlobalSection
	GlobalSection(ProjectConfigurationPlatforms) = postSolution
		{2B18B095-EBFC-4610-B75E-9E2A9DF13011}.Debug|Any CPU.ActiveCfg = Debug|Any CPU
		{2B18B095-EBFC-4610-B75E-9E2A9DF13011}.Debug|Any CPU.Build.0 = Debug|Any CPU
		{2B18B095-EBFC-4610-B75E-9E2A9DF13011}.Release|Any CPU.ActiveCfg = Release|Any CPU
		{2B18B095-EBFC-4610-B75E-9E2A9DF13011}.Release|Any CPU.Build.0 = Release|Any CPU
		{9C31F0B3-8842-4E26-B86C-508CE27F89D4}.Debug|Any CPU.ActiveCfg = Debug|Any CPU
		{9C31F0B3-8842-4E26-B86C-508CE27F89D4}.Debug|Any CPU.Build.0 = Debug|Any CPU
		{9C31F0B3-8842-4E26-B86C-508CE27F89D4}.Release|Any CPU.ActiveCfg = Release|Any CPU
		{9C31F0B3-8842-4E26-B86C-508CE27F89D4}.Release|Any CPU.Build.0 = Release|Any CPU
		{B21D89C2-6E68-454E-9B28-FF1399812B14}.Debug|Any CPU.ActiveCfg = Debug|Any CPU
		{B21D89C2-6E68-454E-9B28-FF1399812B14}.Debug|Any CPU.Build.0 = Debug|Any CPU
		{B21D89C2-6E68-454E-9B28-FF1399812B14}.Release|Any CPU.ActiveCfg = Release|Any CPU
		{B21D89C2-6E68-454E-9B28-FF1399812B14}.Release|Any CPU.Build.0 = Release|Any CPU
		{F2245441-AE47-4C0D-B59F-DC7745EE8F87}.Debug|Any CPU.ActiveCfg = Debug|Any CPU
		{F2245441-AE47-4C0D-B59F-DC7745EE8F87}.Debug|Any CPU.Build.0 = Debug|Any CPU
		{F2245441-AE47-4C0D-B59F-DC7745EE8F87}.Release|Any CPU.ActiveCfg = Release|Any CPU
		{F2245441-AE47-4C0D-B59F-DC7745EE8F87}.Release|Any CPU.Build.0 = Release|Any CPU
	EndGlobalSection
	GlobalSection(SolutionProperties) = preSolution
		HideSolutionNode = FALSE
	EndGlobalSection
	GlobalSection(ExtensibilityGlobals) = postSolution
		SolutionGuid = {3A6222F3-430C-42DC-8136-F36DB1D76C58}
	EndGlobalSection
EndGlobal
