
Microsoft Visual Studio Solution File, Format Version 12.00
# Visual Studio Version 16
VisualStudioVersion = 16.0.30717.126
MinimumVisualStudioVersion = 10.0.40219.1
Project("{9A19103F-16F7-4668-BE54-9A1E7A4F7556}") = "Frontend", "Frontend\Frontend.csproj", "{2B18B095-EBFC-4610-B75E-9E2A9DF13011}"
EndProject
Project("{9A19103F-16F7-4668-BE54-9A1E7A4F7556}") = "Messages", "Messages\Messages.csproj", "{9C31F0B3-8842-4E26-B86C-508CE27F89D4}"
EndProject
Project("{9A19103F-16F7-4668-BE54-9A1E7A4F7556}") = "Marketing", "Marketing\Marketing.csproj", "{FE84609F-60D9-461E-91EE-52306C455ED5}"
EndProject
Project("{9A19103F-16F7-4668-BE54-9A1E7A4F7556}") = "Orders", "Orders\Orders.csproj", "{19B477CB-289E-48E9-9EE1-24DCE5CB4070}"
EndProject
Global
	GlobalSection(SolutionConfigurationPlatforms) = preSolution
		Debug|Any CPU = Debug|Any CPU
		Release|Any CPU = Release|Any CPU
	EndGlobalSection
	GlobalSection(ProjectConfigurationPlatforms) = postSolution
		{2B18B095-EBFC-4610-B75E-9E2A9DF13011}.Debug|Any CPU.ActiveCfg = Debug|Any CPU
		{2B18B095-EBFC-4610-B75E-9E2A9DF13011}.Debug|Any CPU.Build.0 = Debug|Any CPU
		{2B18B095-EBFC-4610-B75E-9E2A9DF13011}.Release|Any CPU.ActiveCfg = Release|Any CPU
		{2B18B095-EBFC-4610-B75E-9E2A9DF13011}.Release|Any CPU.Build.0 = Release|Any CPU
		{9C31F0B3-8842-4E26-B86C-508CE27F89D4}.Debug|Any CPU.ActiveCfg = Debug|Any CPU
		{9C31F0B3-8842-4E26-B86C-508CE27F89D4}.Debug|Any CPU.Build.0 = Debug|Any CPU
		{9C31F0B3-8842-4E26-B86C-508CE27F89D4}.Release|Any CPU.ActiveCfg = Release|Any CPU
		{9C31F0B3-8842-4E26-B86C-508CE27F89D4}.Release|Any CPU.Build.0 = Release|Any CPU
		{FE84609F-60D9-461E-91EE-52306C455ED5}.Debug|Any CPU.ActiveCfg = Debug|Any CPU
		{FE84609F-60D9-461E-91EE-52306C455ED5}.Debug|Any CPU.Build.0 = Debug|Any CPU
		{FE84609F-60D9-461E-91EE-52306C455ED5}.Release|Any CPU.ActiveCfg = Release|Any CPU
		{FE84609F-60D9-461E-91EE-52306C455ED5}.Release|Any CPU.Build.0 = Release|Any CPU
		{19B477CB-289E-48E9-9EE1-24DCE5CB4070}.Debug|Any CPU.ActiveCfg = Debug|Any CPU
		{19B477CB-289E-48E9-9EE1-24DCE5CB4070}.Debug|Any CPU.Build.0 = Debug|Any CPU
		{19B477CB-289E-48E9-9EE1-24DCE5CB4070}.Release|Any CPU.ActiveCfg = Release|Any CPU
		{19B477CB-289E-48E9-9EE1-24DCE5CB4070}.Release|Any CPU.Build.0 = Release|Any CPU
	EndGlobalSection
	GlobalSection(SolutionProperties) = preSolution
		HideSolutionNode = FALSE
	EndGlobalSection
	GlobalSection(ExtensibilityGlobals) = postSolution
		SolutionGuid = {3A6222F3-430C-42DC-8136-F36DB1D76C58}
	EndGlobalSection
EndGlobal
